{
  "object": {
    "pins": [
      {
        "package": "APIKit",
        "repositoryURL": "https://github.com/Harjas12/APIKit.git",
        "state": {
          "branch": null,
          "revision": "b422ff0ded1913c59dfb2faba6bea2c3deb2b344",
          "version": "1.0.0"
        }
      }
    ]
  },
  "version": 1
}
