{
  "object": {
    "pins": [
      {
        "package": "APIKit",
        "repositoryURL": "https://github.com/Harjas12/APIKit.git",
        "state": {
          "branch": null,
          "revision": "3b341c93a018403e3efdbb3ceb05d5b9b2875ea2",
          "version": "1.0.4"
        }
      }
    ]
  },
  "version": 1
}
