{
  "object": {
    "pins": [
      {
        "package": "APIKit",
        "repositoryURL": "https://github.com/Harjas12/APIKit.git",
        "state": {
          "branch": null,
          "revision": "05246e89050a14a6fb0eb4684e72989fb1f19ee2",
          "version": "1.0.2"
        }
      }
    ]
  },
  "version": 1
}
